
Microsoft Visual Studio Solution File, Format Version 12.00
# Visual Studio Express 2012 for Windows Desktop
Project("{FAE04EC0-301F-11D3-BF4B-00C04F79EFBC}") = "Blunder.Converter", "Blunder.Converter\Blunder.Converter.csproj", "{A9995F89-BD5F-4CD1-8F71-907E99BC0C3D}"
EndProject
Project("{FAE04EC0-301F-11D3-BF4B-00C04F79EFBC}") = "ShogiCore", "..\ShogiCore\ShogiCore\ShogiCore.csproj", "{42A35C23-9A76-4DD4-98ED-AA1EB3D757CD}"
EndProject
Global
	GlobalSection(SolutionConfigurationPlatforms) = preSolution
		Debug|Any CPU = Debug|Any CPU
		Release|Any CPU = Release|Any CPU
	EndGlobalSection
	GlobalSection(ProjectConfigurationPlatforms) = postSolution
		{A9995F89-BD5F-4CD1-8F71-907E99BC0C3D}.Debug|Any CPU.ActiveCfg = Debug|Any CPU
		{A9995F89-BD5F-4CD1-8F71-907E99BC0C3D}.Debug|Any CPU.Build.0 = Debug|Any CPU
		{A9995F89-BD5F-4CD1-8F71-907E99BC0C3D}.Release|Any CPU.ActiveCfg = Release|Any CPU
		{A9995F89-BD5F-4CD1-8F71-907E99BC0C3D}.Release|Any CPU.Build.0 = Release|Any CPU
		{42A35C23-9A76-4DD4-98ED-AA1EB3D757CD}.Debug|Any CPU.ActiveCfg = Debug|Any CPU
		{42A35C23-9A76-4DD4-98ED-AA1EB3D757CD}.Debug|Any CPU.Build.0 = Debug|Any CPU
		{42A35C23-9A76-4DD4-98ED-AA1EB3D757CD}.Release|Any CPU.ActiveCfg = Release|Any CPU
		{42A35C23-9A76-4DD4-98ED-AA1EB3D757CD}.Release|Any CPU.Build.0 = Release|Any CPU
	EndGlobalSection
	GlobalSection(SolutionProperties) = preSolution
		HideSolutionNode = FALSE
	EndGlobalSection
EndGlobal
